Microsoft Visual Studio Solution File, Format Version 12.00
# Visual Studio Version 17
VisualStudioVersion = 17.5.2.0
MinimumVisualStudioVersion = 10.0.40219.1
Project("{FAE04EC0-301F-11D3-BF4B-00C04F79EFBC}") = "GameStore.Api", "GameStore.Api.csproj", "{977A583D-25BF-FE60-662D-5600F39B7D18}"
EndProject
Global
	GlobalSection(SolutionConfigurationPlatforms) = preSolution
		Debug|Any CPU = Debug|Any CPU
		Release|Any CPU = Release|Any CPU
	EndGlobalSection
	GlobalSection(ProjectConfigurationPlatforms) = postSolution
		{977A583D-25BF-FE60-662D-5600F39B7D18}.Debug|Any CPU.ActiveCfg = Debug|Any CPU
		{977A583D-25BF-FE60-662D-5600F39B7D18}.Debug|Any CPU.Build.0 = Debug|Any CPU
		{977A583D-25BF-FE60-662D-5600F39B7D18}.Release|Any CPU.ActiveCfg = Release|Any CPU
		{977A583D-25BF-FE60-662D-5600F39B7D18}.Release|Any CPU.Build.0 = Release|Any CPU
	EndGlobalSection
	GlobalSection(SolutionProperties) = preSolution
		HideSolutionNode = FALSE
	EndGlobalSection
	GlobalSection(ExtensibilityGlobals) = postSolution
		SolutionGuid = {96A90292-13C4-4BB7-8BF2-F2F0F923B9A6}
	EndGlobalSection
EndGlobal
